
Microsoft Visual Studio Solution File, Format Version 12.00
# Visual Studio Version 16
VisualStudioVersion = 16.0.29709.97
MinimumVisualStudioVersion = 10.0.40219.1
Project("{9A19103F-16F7-4668-BE54-9A1E7A4F7556}") = "XComosWebSDK", "Src\XComosWebSDK\XComosWebSDK.csproj", "{6EB44C9D-C4EE-4645-BFBB-873707CCD9CB}"
EndProject
Project("{9A19103F-16F7-4668-BE54-9A1E7A4F7556}") = "XComosMobile", "Src\XComosMobile\XComosMobile\XComosMobile.csproj", "{9E35AAA4-45D3-4C36-8E39-E39F161FC6BE}"
EndProject
Project("{FAE04EC0-301F-11D3-BF4B-00C04F79EFBC}") = "XComosMobile.Android", "Src\XComosMobile\XComosMobile.Android\XComosMobile.Android.csproj", "{52690205-3B9D-4940-BA62-651695DA5BC5}"
EndProject
Global
	GlobalSection(SolutionConfigurationPlatforms) = preSolution
		Debug|Any CPU = Debug|Any CPU
		Debug|iPhone = Debug|iPhone
		Debug|iPhoneSimulator = Debug|iPhoneSimulator
		PROD_CELULAR|Any CPU = PROD_CELULAR|Any CPU
		PROD_CELULAR|iPhone = PROD_CELULAR|iPhone
		PROD_CELULAR|iPhoneSimulator = PROD_CELULAR|iPhoneSimulator
		PROD_TABLET|Any CPU = PROD_TABLET|Any CPU
		PROD_TABLET|iPhone = PROD_TABLET|iPhone
		PROD_TABLET|iPhoneSimulator = PROD_TABLET|iPhoneSimulator
		Release|Any CPU = Release|Any CPU
		Release|iPhone = Release|iPhone
		Release|iPhoneSimulator = Release|iPhoneSimulator
		TEST_TABLET|Any CPU = TEST_TABLET|Any CPU
		TEST_TABLET|iPhone = TEST_TABLET|iPhone
		TEST_TABLET|iPhoneSimulator = TEST_TABLET|iPhoneSimulator
	EndGlobalSection
	GlobalSection(ProjectConfigurationPlatforms) = postSolution
		{6EB44C9D-C4EE-4645-BFBB-873707CCD9CB}.Debug|Any CPU.ActiveCfg = Debug|Any CPU
		{6EB44C9D-C4EE-4645-BFBB-873707CCD9CB}.Debug|Any CPU.Build.0 = Debug|Any CPU
		{6EB44C9D-C4EE-4645-BFBB-873707CCD9CB}.Debug|iPhone.ActiveCfg = Debug|Any CPU
		{6EB44C9D-C4EE-4645-BFBB-873707CCD9CB}.Debug|iPhone.Build.0 = Debug|Any CPU
		{6EB44C9D-C4EE-4645-BFBB-873707CCD9CB}.Debug|iPhoneSimulator.ActiveCfg = Debug|Any CPU
		{6EB44C9D-C4EE-4645-BFBB-873707CCD9CB}.Debug|iPhoneSimulator.Build.0 = Debug|Any CPU
		{6EB44C9D-C4EE-4645-BFBB-873707CCD9CB}.PROD_CELULAR|Any CPU.ActiveCfg = PROD_CELULAR|Any CPU
		{6EB44C9D-C4EE-4645-BFBB-873707CCD9CB}.PROD_CELULAR|Any CPU.Build.0 = PROD_CELULAR|Any CPU
		{6EB44C9D-C4EE-4645-BFBB-873707CCD9CB}.PROD_CELULAR|iPhone.ActiveCfg = PROD_CELULAR|Any CPU
		{6EB44C9D-C4EE-4645-BFBB-873707CCD9CB}.PROD_CELULAR|iPhone.Build.0 = PROD_CELULAR|Any CPU
		{6EB44C9D-C4EE-4645-BFBB-873707CCD9CB}.PROD_CELULAR|iPhoneSimulator.ActiveCfg = PROD_CELULAR|Any CPU
		{6EB44C9D-C4EE-4645-BFBB-873707CCD9CB}.PROD_CELULAR|iPhoneSimulator.Build.0 = PROD_CELULAR|Any CPU
		{6EB44C9D-C4EE-4645-BFBB-873707CCD9CB}.PROD_TABLET|Any CPU.ActiveCfg = PROD_TABLET|Any CPU
		{6EB44C9D-C4EE-4645-BFBB-873707CCD9CB}.PROD_TABLET|Any CPU.Build.0 = PROD_TABLET|Any CPU
		{6EB44C9D-C4EE-4645-BFBB-873707CCD9CB}.PROD_TABLET|iPhone.ActiveCfg = PROD_TABLET|Any CPU
		{6EB44C9D-C4EE-4645-BFBB-873707CCD9CB}.PROD_TABLET|iPhone.Build.0 = PROD_TABLET|Any CPU
		{6EB44C9D-C4EE-4645-BFBB-873707CCD9CB}.PROD_TABLET|iPhoneSimulator.ActiveCfg = PROD_TABLET|Any CPU
		{6EB44C9D-C4EE-4645-BFBB-873707CCD9CB}.PROD_TABLET|iPhoneSimulator.Build.0 = PROD_TABLET|Any CPU
		{6EB44C9D-C4EE-4645-BFBB-873707CCD9CB}.Release|Any CPU.ActiveCfg = Release|Any CPU
		{6EB44C9D-C4EE-4645-BFBB-873707CCD9CB}.Release|Any CPU.Build.0 = Release|Any CPU
		{6EB44C9D-C4EE-4645-BFBB-873707CCD9CB}.Release|iPhone.ActiveCfg = Release|Any CPU
		{6EB44C9D-C4EE-4645-BFBB-873707CCD9CB}.Release|iPhone.Build.0 = Release|Any CPU
		{6EB44C9D-C4EE-4645-BFBB-873707CCD9CB}.Release|iPhoneSimulator.ActiveCfg = Release|Any CPU
		{6EB44C9D-C4EE-4645-BFBB-873707CCD9CB}.Release|iPhoneSimulator.Build.0 = Release|Any CPU
		{6EB44C9D-C4EE-4645-BFBB-873707CCD9CB}.TEST_TABLET|Any CPU.ActiveCfg = TEST_TABLET|Any CPU
		{6EB44C9D-C4EE-4645-BFBB-873707CCD9CB}.TEST_TABLET|Any CPU.Build.0 = TEST_TABLET|Any CPU
		{6EB44C9D-C4EE-4645-BFBB-873707CCD9CB}.TEST_TABLET|iPhone.ActiveCfg = TEST_TABLET|Any CPU
		{6EB44C9D-C4EE-4645-BFBB-873707CCD9CB}.TEST_TABLET|iPhone.Build.0 = TEST_TABLET|Any CPU
		{6EB44C9D-C4EE-4645-BFBB-873707CCD9CB}.TEST_TABLET|iPhoneSimulator.ActiveCfg = TEST_TABLET|Any CPU
		{6EB44C9D-C4EE-4645-BFBB-873707CCD9CB}.TEST_TABLET|iPhoneSimulator.Build.0 = TEST_TABLET|Any CPU
		{9E35AAA4-45D3-4C36-8E39-E39F161FC6BE}.Debug|Any CPU.ActiveCfg = Debug|Any CPU
		{9E35AAA4-45D3-4C36-8E39-E39F161FC6BE}.Debug|Any CPU.Build.0 = Debug|Any CPU
		{9E35AAA4-45D3-4C36-8E39-E39F161FC6BE}.Debug|iPhone.ActiveCfg = Debug|Any CPU
		{9E35AAA4-45D3-4C36-8E39-E39F161FC6BE}.Debug|iPhone.Build.0 = Debug|Any CPU
		{9E35AAA4-45D3-4C36-8E39-E39F161FC6BE}.Debug|iPhoneSimulator.ActiveCfg = Debug|Any CPU
		{9E35AAA4-45D3-4C36-8E39-E39F161FC6BE}.Debug|iPhoneSimulator.Build.0 = Debug|Any CPU
		{9E35AAA4-45D3-4C36-8E39-E39F161FC6BE}.PROD_CELULAR|Any CPU.ActiveCfg = PROD_CELULAR|Any CPU
		{9E35AAA4-45D3-4C36-8E39-E39F161FC6BE}.PROD_CELULAR|Any CPU.Build.0 = PROD_CELULAR|Any CPU
		{9E35AAA4-45D3-4C36-8E39-E39F161FC6BE}.PROD_CELULAR|iPhone.ActiveCfg = PROD_CELULAR|Any CPU
		{9E35AAA4-45D3-4C36-8E39-E39F161FC6BE}.PROD_CELULAR|iPhone.Build.0 = PROD_CELULAR|Any CPU
		{9E35AAA4-45D3-4C36-8E39-E39F161FC6BE}.PROD_CELULAR|iPhoneSimulator.ActiveCfg = PROD_CELULAR|Any CPU
		{9E35AAA4-45D3-4C36-8E39-E39F161FC6BE}.PROD_CELULAR|iPhoneSimulator.Build.0 = PROD_CELULAR|Any CPU
		{9E35AAA4-45D3-4C36-8E39-E39F161FC6BE}.PROD_TABLET|Any CPU.ActiveCfg = PROD_TABLET|Any CPU
		{9E35AAA4-45D3-4C36-8E39-E39F161FC6BE}.PROD_TABLET|Any CPU.Build.0 = PROD_TABLET|Any CPU
		{9E35AAA4-45D3-4C36-8E39-E39F161FC6BE}.PROD_TABLET|iPhone.ActiveCfg = PROD_TABLET|Any CPU
		{9E35AAA4-45D3-4C36-8E39-E39F161FC6BE}.PROD_TABLET|iPhone.Build.0 = PROD_TABLET|Any CPU
		{9E35AAA4-45D3-4C36-8E39-E39F161FC6BE}.PROD_TABLET|iPhoneSimulator.ActiveCfg = PROD_TABLET|Any CPU
		{9E35AAA4-45D3-4C36-8E39-E39F161FC6BE}.PROD_TABLET|iPhoneSimulator.Build.0 = PROD_TABLET|Any CPU
		{9E35AAA4-45D3-4C36-8E39-E39F161FC6BE}.Release|Any CPU.ActiveCfg = Release|Any CPU
		{9E35AAA4-45D3-4C36-8E39-E39F161FC6BE}.Release|Any CPU.Build.0 = Release|Any CPU
		{9E35AAA4-45D3-4C36-8E39-E39F161FC6BE}.Release|iPhone.ActiveCfg = Release|Any CPU
		{9E35AAA4-45D3-4C36-8E39-E39F161FC6BE}.Release|iPhone.Build.0 = Release|Any CPU
		{9E35AAA4-45D3-4C36-8E39-E39F161FC6BE}.Release|iPhoneSimulator.ActiveCfg = Release|Any CPU
		{9E35AAA4-45D3-4C36-8E39-E39F161FC6BE}.Release|iPhoneSimulator.Build.0 = Release|Any CPU
		{9E35AAA4-45D3-4C36-8E39-E39F161FC6BE}.TEST_TABLET|Any CPU.ActiveCfg = TEST_TABLET|Any CPU
		{9E35AAA4-45D3-4C36-8E39-E39F161FC6BE}.TEST_TABLET|Any CPU.Build.0 = TEST_TABLET|Any CPU
		{9E35AAA4-45D3-4C36-8E39-E39F161FC6BE}.TEST_TABLET|iPhone.ActiveCfg = TEST_TABLET|Any CPU
		{9E35AAA4-45D3-4C36-8E39-E39F161FC6BE}.TEST_TABLET|iPhone.Build.0 = TEST_TABLET|Any CPU
		{9E35AAA4-45D3-4C36-8E39-E39F161FC6BE}.TEST_TABLET|iPhoneSimulator.ActiveCfg = TEST_TABLET|Any CPU
		{9E35AAA4-45D3-4C36-8E39-E39F161FC6BE}.TEST_TABLET|iPhoneSimulator.Build.0 = TEST_TABLET|Any CPU
		{52690205-3B9D-4940-BA62-651695DA5BC5}.Debug|Any CPU.ActiveCfg = Debug|Any CPU
		{52690205-3B9D-4940-BA62-651695DA5BC5}.Debug|Any CPU.Build.0 = Debug|Any CPU
		{52690205-3B9D-4940-BA62-651695DA5BC5}.Debug|Any CPU.Deploy.0 = Debug|Any CPU
		{52690205-3B9D-4940-BA62-651695DA5BC5}.Debug|iPhone.ActiveCfg = Debug|Any CPU
		{52690205-3B9D-4940-BA62-651695DA5BC5}.Debug|iPhone.Build.0 = Debug|Any CPU
		{52690205-3B9D-4940-BA62-651695DA5BC5}.Debug|iPhone.Deploy.0 = Debug|Any CPU
		{52690205-3B9D-4940-BA62-651695DA5BC5}.Debug|iPhoneSimulator.ActiveCfg = Debug|Any CPU
		{52690205-3B9D-4940-BA62-651695DA5BC5}.Debug|iPhoneSimulator.Build.0 = Debug|Any CPU
		{52690205-3B9D-4940-BA62-651695DA5BC5}.Debug|iPhoneSimulator.Deploy.0 = Debug|Any CPU
		{52690205-3B9D-4940-BA62-651695DA5BC5}.PROD_CELULAR|Any CPU.ActiveCfg = PROD_CELULAR|Any CPU
		{52690205-3B9D-4940-BA62-651695DA5BC5}.PROD_CELULAR|Any CPU.Build.0 = PROD_CELULAR|Any CPU
		{52690205-3B9D-4940-BA62-651695DA5BC5}.PROD_CELULAR|Any CPU.Deploy.0 = PROD_CELULAR|Any CPU
		{52690205-3B9D-4940-BA62-651695DA5BC5}.PROD_CELULAR|iPhone.ActiveCfg = PROD_CELULAR|Any CPU
		{52690205-3B9D-4940-BA62-651695DA5BC5}.PROD_CELULAR|iPhone.Build.0 = PROD_CELULAR|Any CPU
		{52690205-3B9D-4940-BA62-651695DA5BC5}.PROD_CELULAR|iPhone.Deploy.0 = PROD_CELULAR|Any CPU
		{52690205-3B9D-4940-BA62-651695DA5BC5}.PROD_CELULAR|iPhoneSimulator.ActiveCfg = PROD_CELULAR|Any CPU
		{52690205-3B9D-4940-BA62-651695DA5BC5}.PROD_CELULAR|iPhoneSimulator.Build.0 = PROD_CELULAR|Any CPU
		{52690205-3B9D-4940-BA62-651695DA5BC5}.PROD_CELULAR|iPhoneSimulator.Deploy.0 = PROD_CELULAR|Any CPU
		{52690205-3B9D-4940-BA62-651695DA5BC5}.PROD_TABLET|Any CPU.ActiveCfg = PROD_TABLET|Any CPU
		{52690205-3B9D-4940-BA62-651695DA5BC5}.PROD_TABLET|Any CPU.Build.0 = PROD_TABLET|Any CPU
		{52690205-3B9D-4940-BA62-651695DA5BC5}.PROD_TABLET|Any CPU.Deploy.0 = PROD_TABLET|Any CPU
		{52690205-3B9D-4940-BA62-651695DA5BC5}.PROD_TABLET|iPhone.ActiveCfg = PROD_TABLET|Any CPU
		{52690205-3B9D-4940-BA62-651695DA5BC5}.PROD_TABLET|iPhone.Build.0 = PROD_TABLET|Any CPU
		{52690205-3B9D-4940-BA62-651695DA5BC5}.PROD_TABLET|iPhone.Deploy.0 = PROD_TABLET|Any CPU
		{52690205-3B9D-4940-BA62-651695DA5BC5}.PROD_TABLET|iPhoneSimulator.ActiveCfg = PROD_TABLET|Any CPU
		{52690205-3B9D-4940-BA62-651695DA5BC5}.PROD_TABLET|iPhoneSimulator.Build.0 = PROD_TABLET|Any CPU
		{52690205-3B9D-4940-BA62-651695DA5BC5}.PROD_TABLET|iPhoneSimulator.Deploy.0 = PROD_TABLET|Any CPU
		{52690205-3B9D-4940-BA62-651695DA5BC5}.Release|Any CPU.ActiveCfg = Release|Any CPU
		{52690205-3B9D-4940-BA62-651695DA5BC5}.Release|Any CPU.Build.0 = Release|Any CPU
		{52690205-3B9D-4940-BA62-651695DA5BC5}.Release|Any CPU.Deploy.0 = Release|Any CPU
		{52690205-3B9D-4940-BA62-651695DA5BC5}.Release|iPhone.ActiveCfg = Release|Any CPU
		{52690205-3B9D-4940-BA62-651695DA5BC5}.Release|iPhone.Build.0 = Release|Any CPU
		{52690205-3B9D-4940-BA62-651695DA5BC5}.Release|iPhone.Deploy.0 = Release|Any CPU
		{52690205-3B9D-4940-BA62-651695DA5BC5}.Release|iPhoneSimulator.ActiveCfg = Release|Any CPU
		{52690205-3B9D-4940-BA62-651695DA5BC5}.Release|iPhoneSimulator.Build.0 = Release|Any CPU
		{52690205-3B9D-4940-BA62-651695DA5BC5}.Release|iPhoneSimulator.Deploy.0 = Release|Any CPU
		{52690205-3B9D-4940-BA62-651695DA5BC5}.TEST_TABLET|Any CPU.ActiveCfg = TEST_TABLET|Any CPU
		{52690205-3B9D-4940-BA62-651695DA5BC5}.TEST_TABLET|Any CPU.Build.0 = TEST_TABLET|Any CPU
		{52690205-3B9D-4940-BA62-651695DA5BC5}.TEST_TABLET|Any CPU.Deploy.0 = TEST_TABLET|Any CPU
		{52690205-3B9D-4940-BA62-651695DA5BC5}.TEST_TABLET|iPhone.ActiveCfg = TEST_TABLET|Any CPU
		{52690205-3B9D-4940-BA62-651695DA5BC5}.TEST_TABLET|iPhone.Build.0 = TEST_TABLET|Any CPU
		{52690205-3B9D-4940-BA62-651695DA5BC5}.TEST_TABLET|iPhone.Deploy.0 = TEST_TABLET|Any CPU
		{52690205-3B9D-4940-BA62-651695DA5BC5}.TEST_TABLET|iPhoneSimulator.ActiveCfg = TEST_TABLET|Any CPU
		{52690205-3B9D-4940-BA62-651695DA5BC5}.TEST_TABLET|iPhoneSimulator.Build.0 = TEST_TABLET|Any CPU
		{52690205-3B9D-4940-BA62-651695DA5BC5}.TEST_TABLET|iPhoneSimulator.Deploy.0 = TEST_TABLET|Any CPU
	EndGlobalSection
	GlobalSection(SolutionProperties) = preSolution
		HideSolutionNode = FALSE
	EndGlobalSection
	GlobalSection(ExtensibilityGlobals) = postSolution
		BuildVersion_DetectChanges = False
		BuildVersion_IncrementBeforeBuild = False
		BuildVersion_ReplaceNonNumerics = False
		BuildVersion_StartDate = 2000/1/1
		SolutionGuid = {87D7F2F9-7EDA-4F37-B8B8-36337D443A37}
	EndGlobalSection
EndGlobal
